
Microsoft Visual Studio Solution File, Format Version 12.00
# Visual Studio 2013
VisualStudioVersion = 12.0.21005.1
MinimumVisualStudioVersion = 10.0.40219.1
Project("{8BC9CEB8-8B4A-11D0-8D11-00A0C91BC942}") = "pop3", "pop3\pop3.vcxproj", "{47981B7C-90AD-4D93-A754-B4A5BDEC430A}"
EndProject
Global
	GlobalSection(SolutionConfigurationPlatforms) = preSolution
		Debug|Win32 = Debug|Win32
		Release|Win32 = Release|Win32
	EndGlobalSection
	GlobalSection(ProjectConfigurationPlatforms) = postSolution
		{47981B7C-90AD-4D93-A754-B4A5BDEC430A}.Debug|Win32.ActiveCfg = Debug|Win32
		{47981B7C-90AD-4D93-A754-B4A5BDEC430A}.Debug|Win32.Build.0 = Debug|Win32
		{47981B7C-90AD-4D93-A754-B4A5BDEC430A}.Release|Win32.ActiveCfg = Release|Win32
		{47981B7C-90AD-4D93-A754-B4A5BDEC430A}.Release|Win32.Build.0 = Release|Win32
	EndGlobalSection
	GlobalSection(SolutionProperties) = preSolution
		HideSolutionNode = FALSE
	EndGlobalSection
EndGlobal
